
Microsoft Visual Studio Solution File, Format Version 12.00
# Visual Studio Version 16
VisualStudioVersion = 16.0.31613.86
MinimumVisualStudioVersion = 10.0.40219.1
Project("{FAE04EC0-301F-11D3-BF4B-00C04F79EFBC}") = "teamProjectShapesCodeTesting", "teamProjectShapesCodeTesting.csproj", "{7C03E2F1-C424-4B60-91DA-94B95C0EE0BF}"
EndProject
Global
	GlobalSection(SolutionConfigurationPlatforms) = preSolution
		Debug|Any CPU = Debug|Any CPU
		Release|Any CPU = Release|Any CPU
	EndGlobalSection
	GlobalSection(ProjectConfigurationPlatforms) = postSolution
		{7C03E2F1-C424-4B60-91DA-94B95C0EE0BF}.Debug|Any CPU.ActiveCfg = Debug|Any CPU
		{7C03E2F1-C424-4B60-91DA-94B95C0EE0BF}.Debug|Any CPU.Build.0 = Debug|Any CPU
		{7C03E2F1-C424-4B60-91DA-94B95C0EE0BF}.Release|Any CPU.ActiveCfg = Release|Any CPU
		{7C03E2F1-C424-4B60-91DA-94B95C0EE0BF}.Release|Any CPU.Build.0 = Release|Any CPU
	EndGlobalSection
	GlobalSection(SolutionProperties) = preSolution
		HideSolutionNode = FALSE
	EndGlobalSection
	GlobalSection(ExtensibilityGlobals) = postSolution
		SolutionGuid = {667AB988-738E-468C-8AF4-0DA44C1CA3F5}
	EndGlobalSection
EndGlobal
